
Microsoft Visual Studio Solution File, Format Version 12.00
# Visual Studio Version 16
VisualStudioVersion = 16.0.30204.135
MinimumVisualStudioVersion = 10.0.40219.1
Project("{9A19103F-16F7-4668-BE54-9A1E7A4F7556}") = "P01_GildedRoseRefactoringKata", "P01_GildedRoseRefactoringKata\P01_GildedRoseRefactoringKata.csproj", "{CE595DFF-EA33-497F-941C-FB7E5ECE7538}"
EndProject
Project("{9A19103F-16F7-4668-BE54-9A1E7A4F7556}") = "P02_CheckingAccount", "P02_CheckingAccount\P02_CheckingAccount.csproj", "{04E3A5DB-FAE7-4C17-95CF-545AF97D5CB9}"
EndProject
Project("{FAE04EC0-301F-11D3-BF4B-00C04F79EFBC}") = "P03_AnimalsGoneWrong", "P03_AnimalsGoneWrong\P03_AnimalsGoneWrong.csproj", "{4BBCE66D-4E4E-4D7F-9D7A-5CE0735F61DE}"
EndProject
Global
	GlobalSection(SolutionConfigurationPlatforms) = preSolution
		Debug|Any CPU = Debug|Any CPU
		Release|Any CPU = Release|Any CPU
	EndGlobalSection
	GlobalSection(ProjectConfigurationPlatforms) = postSolution
		{CE595DFF-EA33-497F-941C-FB7E5ECE7538}.Debug|Any CPU.ActiveCfg = Debug|Any CPU
		{CE595DFF-EA33-497F-941C-FB7E5ECE7538}.Debug|Any CPU.Build.0 = Debug|Any CPU
		{CE595DFF-EA33-497F-941C-FB7E5ECE7538}.Release|Any CPU.ActiveCfg = Release|Any CPU
		{CE595DFF-EA33-497F-941C-FB7E5ECE7538}.Release|Any CPU.Build.0 = Release|Any CPU
		{04E3A5DB-FAE7-4C17-95CF-545AF97D5CB9}.Debug|Any CPU.ActiveCfg = Debug|Any CPU
		{04E3A5DB-FAE7-4C17-95CF-545AF97D5CB9}.Debug|Any CPU.Build.0 = Debug|Any CPU
		{04E3A5DB-FAE7-4C17-95CF-545AF97D5CB9}.Release|Any CPU.ActiveCfg = Release|Any CPU
		{04E3A5DB-FAE7-4C17-95CF-545AF97D5CB9}.Release|Any CPU.Build.0 = Release|Any CPU
		{4BBCE66D-4E4E-4D7F-9D7A-5CE0735F61DE}.Debug|Any CPU.ActiveCfg = Debug|Any CPU
		{4BBCE66D-4E4E-4D7F-9D7A-5CE0735F61DE}.Debug|Any CPU.Build.0 = Debug|Any CPU
		{4BBCE66D-4E4E-4D7F-9D7A-5CE0735F61DE}.Release|Any CPU.ActiveCfg = Release|Any CPU
		{4BBCE66D-4E4E-4D7F-9D7A-5CE0735F61DE}.Release|Any CPU.Build.0 = Release|Any CPU
	EndGlobalSection
	GlobalSection(SolutionProperties) = preSolution
		HideSolutionNode = FALSE
	EndGlobalSection
	GlobalSection(ExtensibilityGlobals) = postSolution
		SolutionGuid = {62F9E0C0-A73B-42AF-A160-56788A03619A}
	EndGlobalSection
EndGlobal
